
Microsoft Visual Studio Solution File, Format Version 12.00
# Visual Studio Version 17
VisualStudioVersion = 17.14.36908.2 d17.14
MinimumVisualStudioVersion = 10.0.40219.1
Project("{FAE04EC0-301F-11D3-BF4B-00C04F79EFBC}") = "Restik", "Restik.csproj", "{66C72164-5805-4E76-AB62-0320FB211452}"
EndProject
Global
	GlobalSection(SolutionConfigurationPlatforms) = preSolution
		Debug|Any CPU = Debug|Any CPU
		Release|Any CPU = Release|Any CPU
	EndGlobalSection
	GlobalSection(ProjectConfigurationPlatforms) = postSolution
		{66C72164-5805-4E76-AB62-0320FB211452}.Debug|Any CPU.ActiveCfg = Debug|Any CPU
		{66C72164-5805-4E76-AB62-0320FB211452}.Debug|Any CPU.Build.0 = Debug|Any CPU
		{66C72164-5805-4E76-AB62-0320FB211452}.Release|Any CPU.ActiveCfg = Release|Any CPU
		{66C72164-5805-4E76-AB62-0320FB211452}.Release|Any CPU.Build.0 = Release|Any CPU
	EndGlobalSection
	GlobalSection(SolutionProperties) = preSolution
		HideSolutionNode = FALSE
	EndGlobalSection
	GlobalSection(ExtensibilityGlobals) = postSolution
		SolutionGuid = {7FEF2A55-AC6A-4B7E-A467-F5E6EFD7AA27}
	EndGlobalSection
EndGlobal
